
Microsoft Visual Studio Solution File, Format Version 12.00
# Visual Studio 15
VisualStudioVersion = 15.0.28010.2046
MinimumVisualStudioVersion = 10.0.40219.1
Project("{FAE04EC0-301F-11D3-BF4B-00C04F79EFBC}") = "SayHelloLib", "SayHelloLib\SayHelloLib.csproj", "{D3F68609-C8C7-45EA-868D-3BBA8937A052}"
EndProject
Global
	GlobalSection(SolutionConfigurationPlatforms) = preSolution
		Debug|Any CPU = Debug|Any CPU
		Release|Any CPU = Release|Any CPU
	EndGlobalSection
	GlobalSection(ProjectConfigurationPlatforms) = postSolution
		{D3F68609-C8C7-45EA-868D-3BBA8937A052}.Debug|Any CPU.ActiveCfg = Debug|Any CPU
		{D3F68609-C8C7-45EA-868D-3BBA8937A052}.Debug|Any CPU.Build.0 = Debug|Any CPU
		{D3F68609-C8C7-45EA-868D-3BBA8937A052}.Release|Any CPU.ActiveCfg = Release|Any CPU
		{D3F68609-C8C7-45EA-868D-3BBA8937A052}.Release|Any CPU.Build.0 = Release|Any CPU
	EndGlobalSection
	GlobalSection(SolutionProperties) = preSolution
		HideSolutionNode = FALSE
	EndGlobalSection
	GlobalSection(ExtensibilityGlobals) = postSolution
		SolutionGuid = {F3EEA91C-467A-4C56-9B8D-DEDA273B26A5}
	EndGlobalSection
EndGlobal
