
Microsoft Visual Studio Solution File, Format Version 12.00
# Visual Studio 15
VisualStudioVersion = 15.0.28010.2050
MinimumVisualStudioVersion = 10.0.40219.1
Project("{FAE04EC0-301F-11D3-BF4B-00C04F79EFBC}") = "DataBinding2.Android", "DataBinding2\DataBinding2.Android\DataBinding2.Android.csproj", "{1B6B6D4D-D0EC-4416-B54F-7D1465A4587A}"
EndProject
Project("{FAE04EC0-301F-11D3-BF4B-00C04F79EFBC}") = "DataBinding2.iOS", "DataBinding2\DataBinding2.iOS\DataBinding2.iOS.csproj", "{84C26CB2-821D-4982-ADBD-14B1AAE4EEC5}"
EndProject
Project("{FAE04EC0-301F-11D3-BF4B-00C04F79EFBC}") = "DataBinding2", "DataBinding2\DataBinding2\DataBinding2.csproj", "{9C48373D-6656-41A7-9C95-10852A729C0E}"
EndProject
Global
	GlobalSection(SolutionConfigurationPlatforms) = preSolution
		Ad-Hoc|Any CPU = Ad-Hoc|Any CPU
		Ad-Hoc|iPhone = Ad-Hoc|iPhone
		Ad-Hoc|iPhoneSimulator = Ad-Hoc|iPhoneSimulator
		AppStore|Any CPU = AppStore|Any CPU
		AppStore|iPhone = AppStore|iPhone
		AppStore|iPhoneSimulator = AppStore|iPhoneSimulator
		Debug|Any CPU = Debug|Any CPU
		Debug|iPhone = Debug|iPhone
		Debug|iPhoneSimulator = Debug|iPhoneSimulator
		Release|Any CPU = Release|Any CPU
		Release|iPhone = Release|iPhone
		Release|iPhoneSimulator = Release|iPhoneSimulator
	EndGlobalSection
	GlobalSection(ProjectConfigurationPlatforms) = postSolution
		{1B6B6D4D-D0EC-4416-B54F-7D1465A4587A}.Ad-Hoc|Any CPU.ActiveCfg = Release|Any CPU
		{1B6B6D4D-D0EC-4416-B54F-7D1465A4587A}.Ad-Hoc|Any CPU.Build.0 = Release|Any CPU
		{1B6B6D4D-D0EC-4416-B54F-7D1465A4587A}.Ad-Hoc|Any CPU.Deploy.0 = Release|Any CPU
		{1B6B6D4D-D0EC-4416-B54F-7D1465A4587A}.Ad-Hoc|iPhone.ActiveCfg = Release|Any CPU
		{1B6B6D4D-D0EC-4416-B54F-7D1465A4587A}.Ad-Hoc|iPhone.Build.0 = Release|Any CPU
		{1B6B6D4D-D0EC-4416-B54F-7D1465A4587A}.Ad-Hoc|iPhone.Deploy.0 = Release|Any CPU
		{1B6B6D4D-D0EC-4416-B54F-7D1465A4587A}.Ad-Hoc|iPhoneSimulator.ActiveCfg = Release|Any CPU
		{1B6B6D4D-D0EC-4416-B54F-7D1465A4587A}.Ad-Hoc|iPhoneSimulator.Build.0 = Release|Any CPU
		{1B6B6D4D-D0EC-4416-B54F-7D1465A4587A}.Ad-Hoc|iPhoneSimulator.Deploy.0 = Release|Any CPU
		{1B6B6D4D-D0EC-4416-B54F-7D1465A4587A}.AppStore|Any CPU.ActiveCfg = Release|Any CPU
		{1B6B6D4D-D0EC-4416-B54F-7D1465A4587A}.AppStore|Any CPU.Build.0 = Release|Any CPU
		{1B6B6D4D-D0EC-4416-B54F-7D1465A4587A}.AppStore|Any CPU.Deploy.0 = Release|Any CPU
		{1B6B6D4D-D0EC-4416-B54F-7D1465A4587A}.AppStore|iPhone.ActiveCfg = Release|Any CPU
		{1B6B6D4D-D0EC-4416-B54F-7D1465A4587A}.AppStore|iPhone.Build.0 = Release|Any CPU
		{1B6B6D4D-D0EC-4416-B54F-7D1465A4587A}.AppStore|iPhone.Deploy.0 = Release|Any CPU
		{1B6B6D4D-D0EC-4416-B54F-7D1465A4587A}.AppStore|iPhoneSimulator.ActiveCfg = Release|Any CPU
		{1B6B6D4D-D0EC-4416-B54F-7D1465A4587A}.AppStore|iPhoneSimulator.Build.0 = Release|Any CPU
		{1B6B6D4D-D0EC-4416-B54F-7D1465A4587A}.AppStore|iPhoneSimulator.Deploy.0 = Release|Any CPU
		{1B6B6D4D-D0EC-4416-B54F-7D1465A4587A}.Debug|Any CPU.ActiveCfg = Debug|Any CPU
		{1B6B6D4D-D0EC-4416-B54F-7D1465A4587A}.Debug|Any CPU.Build.0 = Debug|Any CPU
		{1B6B6D4D-D0EC-4416-B54F-7D1465A4587A}.Debug|Any CPU.Deploy.0 = Debug|Any CPU
		{1B6B6D4D-D0EC-4416-B54F-7D1465A4587A}.Debug|iPhone.ActiveCfg = Debug|Any CPU
		{1B6B6D4D-D0EC-4416-B54F-7D1465A4587A}.Debug|iPhone.Build.0 = Debug|Any CPU
		{1B6B6D4D-D0EC-4416-B54F-7D1465A4587A}.Debug|iPhone.Deploy.0 = Debug|Any CPU
		{1B6B6D4D-D0EC-4416-B54F-7D1465A4587A}.Debug|iPhoneSimulator.ActiveCfg = Debug|Any CPU
		{1B6B6D4D-D0EC-4416-B54F-7D1465A4587A}.Debug|iPhoneSimulator.Build.0 = Debug|Any CPU
		{1B6B6D4D-D0EC-4416-B54F-7D1465A4587A}.Debug|iPhoneSimulator.Deploy.0 = Debug|Any CPU
		{1B6B6D4D-D0EC-4416-B54F-7D1465A4587A}.Release|Any CPU.ActiveCfg = Release|Any CPU
		{1B6B6D4D-D0EC-4416-B54F-7D1465A4587A}.Release|Any CPU.Build.0 = Release|Any CPU
		{1B6B6D4D-D0EC-4416-B54F-7D1465A4587A}.Release|Any CPU.Deploy.0 = Release|Any CPU
		{1B6B6D4D-D0EC-4416-B54F-7D1465A4587A}.Release|iPhone.ActiveCfg = Release|Any CPU
		{1B6B6D4D-D0EC-4416-B54F-7D1465A4587A}.Release|iPhone.Build.0 = Release|Any CPU
		{1B6B6D4D-D0EC-4416-B54F-7D1465A4587A}.Release|iPhone.Deploy.0 = Release|Any CPU
		{1B6B6D4D-D0EC-4416-B54F-7D1465A4587A}.Release|iPhoneSimulator.ActiveCfg = Release|Any CPU
		{1B6B6D4D-D0EC-4416-B54F-7D1465A4587A}.Release|iPhoneSimulator.Build.0 = Release|Any CPU
		{1B6B6D4D-D0EC-4416-B54F-7D1465A4587A}.Release|iPhoneSimulator.Deploy.0 = Release|Any CPU
		{84C26CB2-821D-4982-ADBD-14B1AAE4EEC5}.Ad-Hoc|Any CPU.ActiveCfg = Ad-Hoc|iPhone
		{84C26CB2-821D-4982-ADBD-14B1AAE4EEC5}.Ad-Hoc|Any CPU.Build.0 = Ad-Hoc|iPhone
		{84C26CB2-821D-4982-ADBD-14B1AAE4EEC5}.Ad-Hoc|Any CPU.Deploy.0 = Ad-Hoc|iPhone
		{84C26CB2-821D-4982-ADBD-14B1AAE4EEC5}.Ad-Hoc|iPhone.ActiveCfg = Ad-Hoc|iPhone
		{84C26CB2-821D-4982-ADBD-14B1AAE4EEC5}.Ad-Hoc|iPhone.Build.0 = Ad-Hoc|iPhone
		{84C26CB2-821D-4982-ADBD-14B1AAE4EEC5}.Ad-Hoc|iPhone.Deploy.0 = Ad-Hoc|iPhone
		{84C26CB2-821D-4982-ADBD-14B1AAE4EEC5}.Ad-Hoc|iPhoneSimulator.ActiveCfg = Ad-Hoc|iPhoneSimulator
		{84C26CB2-821D-4982-ADBD-14B1AAE4EEC5}.Ad-Hoc|iPhoneSimulator.Build.0 = Ad-Hoc|iPhoneSimulator
		{84C26CB2-821D-4982-ADBD-14B1AAE4EEC5}.Ad-Hoc|iPhoneSimulator.Deploy.0 = Ad-Hoc|iPhoneSimulator
		{84C26CB2-821D-4982-ADBD-14B1AAE4EEC5}.AppStore|Any CPU.ActiveCfg = AppStore|iPhone
		{84C26CB2-821D-4982-ADBD-14B1AAE4EEC5}.AppStore|Any CPU.Build.0 = AppStore|iPhone
		{84C26CB2-821D-4982-ADBD-14B1AAE4EEC5}.AppStore|Any CPU.Deploy.0 = AppStore|iPhone
		{84C26CB2-821D-4982-ADBD-14B1AAE4EEC5}.AppStore|iPhone.ActiveCfg = AppStore|iPhone
		{84C26CB2-821D-4982-ADBD-14B1AAE4EEC5}.AppStore|iPhone.Build.0 = AppStore|iPhone
		{84C26CB2-821D-4982-ADBD-14B1AAE4EEC5}.AppStore|iPhone.Deploy.0 = AppStore|iPhone
		{84C26CB2-821D-4982-ADBD-14B1AAE4EEC5}.AppStore|iPhoneSimulator.ActiveCfg = AppStore|iPhoneSimulator
		{84C26CB2-821D-4982-ADBD-14B1AAE4EEC5}.AppStore|iPhoneSimulator.Build.0 = AppStore|iPhoneSimulator
		{84C26CB2-821D-4982-ADBD-14B1AAE4EEC5}.AppStore|iPhoneSimulator.Deploy.0 = AppStore|iPhoneSimulator
		{84C26CB2-821D-4982-ADBD-14B1AAE4EEC5}.Debug|Any CPU.ActiveCfg = Debug|iPhoneSimulator
		{84C26CB2-821D-4982-ADBD-14B1AAE4EEC5}.Debug|Any CPU.Build.0 = Debug|iPhoneSimulator
		{84C26CB2-821D-4982-ADBD-14B1AAE4EEC5}.Debug|Any CPU.Deploy.0 = Debug|iPhoneSimulator
		{84C26CB2-821D-4982-ADBD-14B1AAE4EEC5}.Debug|iPhone.ActiveCfg = Debug|iPhone
		{84C26CB2-821D-4982-ADBD-14B1AAE4EEC5}.Debug|iPhone.Build.0 = Debug|iPhone
		{84C26CB2-821D-4982-ADBD-14B1AAE4EEC5}.Debug|iPhone.Deploy.0 = Debug|iPhone
		{84C26CB2-821D-4982-ADBD-14B1AAE4EEC5}.Debug|iPhoneSimulator.ActiveCfg = Debug|iPhoneSimulator
		{84C26CB2-821D-4982-ADBD-14B1AAE4EEC5}.Debug|iPhoneSimulator.Build.0 = Debug|iPhoneSimulator
		{84C26CB2-821D-4982-ADBD-14B1AAE4EEC5}.Debug|iPhoneSimulator.Deploy.0 = Debug|iPhoneSimulator
		{84C26CB2-821D-4982-ADBD-14B1AAE4EEC5}.Release|Any CPU.ActiveCfg = Release|iPhone
		{84C26CB2-821D-4982-ADBD-14B1AAE4EEC5}.Release|Any CPU.Build.0 = Release|iPhone
		{84C26CB2-821D-4982-ADBD-14B1AAE4EEC5}.Release|Any CPU.Deploy.0 = Release|iPhone
		{84C26CB2-821D-4982-ADBD-14B1AAE4EEC5}.Release|iPhone.ActiveCfg = Release|iPhone
		{84C26CB2-821D-4982-ADBD-14B1AAE4EEC5}.Release|iPhone.Build.0 = Release|iPhone
		{84C26CB2-821D-4982-ADBD-14B1AAE4EEC5}.Release|iPhone.Deploy.0 = Release|iPhone
		{84C26CB2-821D-4982-ADBD-14B1AAE4EEC5}.Release|iPhoneSimulator.ActiveCfg = Release|iPhoneSimulator
		{84C26CB2-821D-4982-ADBD-14B1AAE4EEC5}.Release|iPhoneSimulator.Build.0 = Release|iPhoneSimulator
		{84C26CB2-821D-4982-ADBD-14B1AAE4EEC5}.Release|iPhoneSimulator.Deploy.0 = Release|iPhoneSimulator
		{9C48373D-6656-41A7-9C95-10852A729C0E}.Ad-Hoc|Any CPU.ActiveCfg = Debug|Any CPU
		{9C48373D-6656-41A7-9C95-10852A729C0E}.Ad-Hoc|Any CPU.Build.0 = Debug|Any CPU
		{9C48373D-6656-41A7-9C95-10852A729C0E}.Ad-Hoc|Any CPU.Deploy.0 = Debug|Any CPU
		{9C48373D-6656-41A7-9C95-10852A729C0E}.Ad-Hoc|iPhone.ActiveCfg = Debug|Any CPU
		{9C48373D-6656-41A7-9C95-10852A729C0E}.Ad-Hoc|iPhone.Build.0 = Debug|Any CPU
		{9C48373D-6656-41A7-9C95-10852A729C0E}.Ad-Hoc|iPhone.Deploy.0 = Debug|Any CPU
		{9C48373D-6656-41A7-9C95-10852A729C0E}.Ad-Hoc|iPhoneSimulator.ActiveCfg = Debug|Any CPU
		{9C48373D-6656-41A7-9C95-10852A729C0E}.Ad-Hoc|iPhoneSimulator.Build.0 = Debug|Any CPU
		{9C48373D-6656-41A7-9C95-10852A729C0E}.Ad-Hoc|iPhoneSimulator.Deploy.0 = Debug|Any CPU
		{9C48373D-6656-41A7-9C95-10852A729C0E}.AppStore|Any CPU.ActiveCfg = Debug|Any CPU
		{9C48373D-6656-41A7-9C95-10852A729C0E}.AppStore|Any CPU.Build.0 = Debug|Any CPU
		{9C48373D-6656-41A7-9C95-10852A729C0E}.AppStore|Any CPU.Deploy.0 = Debug|Any CPU
		{9C48373D-6656-41A7-9C95-10852A729C0E}.AppStore|iPhone.ActiveCfg = Debug|Any CPU
		{9C48373D-6656-41A7-9C95-10852A729C0E}.AppStore|iPhone.Build.0 = Debug|Any CPU
		{9C48373D-6656-41A7-9C95-10852A729C0E}.AppStore|iPhone.Deploy.0 = Debug|Any CPU
		{9C48373D-6656-41A7-9C95-10852A729C0E}.AppStore|iPhoneSimulator.ActiveCfg = Debug|Any CPU
		{9C48373D-6656-41A7-9C95-10852A729C0E}.AppStore|iPhoneSimulator.Build.0 = Debug|Any CPU
		{9C48373D-6656-41A7-9C95-10852A729C0E}.AppStore|iPhoneSimulator.Deploy.0 = Debug|Any CPU
		{9C48373D-6656-41A7-9C95-10852A729C0E}.Debug|Any CPU.ActiveCfg = Debug|Any CPU
		{9C48373D-6656-41A7-9C95-10852A729C0E}.Debug|Any CPU.Build.0 = Debug|Any CPU
		{9C48373D-6656-41A7-9C95-10852A729C0E}.Debug|Any CPU.Deploy.0 = Debug|Any CPU
		{9C48373D-6656-41A7-9C95-10852A729C0E}.Debug|iPhone.ActiveCfg = Debug|Any CPU
		{9C48373D-6656-41A7-9C95-10852A729C0E}.Debug|iPhone.Build.0 = Debug|Any CPU
		{9C48373D-6656-41A7-9C95-10852A729C0E}.Debug|iPhone.Deploy.0 = Debug|Any CPU
		{9C48373D-6656-41A7-9C95-10852A729C0E}.Debug|iPhoneSimulator.ActiveCfg = Debug|Any CPU
		{9C48373D-6656-41A7-9C95-10852A729C0E}.Debug|iPhoneSimulator.Build.0 = Debug|Any CPU
		{9C48373D-6656-41A7-9C95-10852A729C0E}.Debug|iPhoneSimulator.Deploy.0 = Debug|Any CPU
		{9C48373D-6656-41A7-9C95-10852A729C0E}.Release|Any CPU.ActiveCfg = Release|Any CPU
		{9C48373D-6656-41A7-9C95-10852A729C0E}.Release|Any CPU.Build.0 = Release|Any CPU
		{9C48373D-6656-41A7-9C95-10852A729C0E}.Release|Any CPU.Deploy.0 = Release|Any CPU
		{9C48373D-6656-41A7-9C95-10852A729C0E}.Release|iPhone.ActiveCfg = Release|Any CPU
		{9C48373D-6656-41A7-9C95-10852A729C0E}.Release|iPhone.Build.0 = Release|Any CPU
		{9C48373D-6656-41A7-9C95-10852A729C0E}.Release|iPhone.Deploy.0 = Release|Any CPU
		{9C48373D-6656-41A7-9C95-10852A729C0E}.Release|iPhoneSimulator.ActiveCfg = Release|Any CPU
		{9C48373D-6656-41A7-9C95-10852A729C0E}.Release|iPhoneSimulator.Build.0 = Release|Any CPU
		{9C48373D-6656-41A7-9C95-10852A729C0E}.Release|iPhoneSimulator.Deploy.0 = Release|Any CPU
	EndGlobalSection
	GlobalSection(SolutionProperties) = preSolution
		HideSolutionNode = FALSE
	EndGlobalSection
	GlobalSection(ExtensibilityGlobals) = postSolution
		SolutionGuid = {029D257E-EA41-4EC0-ABDD-F754E5F29A83}
	EndGlobalSection
EndGlobal
