
Microsoft Visual Studio Solution File, Format Version 12.00
# Visual Studio 15
VisualStudioVersion = 15.0.28010.2046
MinimumVisualStudioVersion = 10.0.40219.1
Project("{FAE04EC0-301F-11D3-BF4B-00C04F79EFBC}") = "UseSayHelloLib", "UseSayHelloLib\UseSayHelloLib.csproj", "{A3C5A5EF-A19E-45D3-B480-128B4F7E42D1}"
EndProject
Global
	GlobalSection(SolutionConfigurationPlatforms) = preSolution
		Debug|Any CPU = Debug|Any CPU
		Release|Any CPU = Release|Any CPU
	EndGlobalSection
	GlobalSection(ProjectConfigurationPlatforms) = postSolution
		{A3C5A5EF-A19E-45D3-B480-128B4F7E42D1}.Debug|Any CPU.ActiveCfg = Debug|Any CPU
		{A3C5A5EF-A19E-45D3-B480-128B4F7E42D1}.Debug|Any CPU.Build.0 = Debug|Any CPU
		{A3C5A5EF-A19E-45D3-B480-128B4F7E42D1}.Debug|Any CPU.Deploy.0 = Debug|Any CPU
		{A3C5A5EF-A19E-45D3-B480-128B4F7E42D1}.Release|Any CPU.ActiveCfg = Release|Any CPU
		{A3C5A5EF-A19E-45D3-B480-128B4F7E42D1}.Release|Any CPU.Build.0 = Release|Any CPU
		{A3C5A5EF-A19E-45D3-B480-128B4F7E42D1}.Release|Any CPU.Deploy.0 = Release|Any CPU
	EndGlobalSection
	GlobalSection(SolutionProperties) = preSolution
		HideSolutionNode = FALSE
	EndGlobalSection
	GlobalSection(ExtensibilityGlobals) = postSolution
		SolutionGuid = {A797C738-8675-4E29-97B1-3E493B70FFD3}
	EndGlobalSection
EndGlobal
