
Microsoft Visual Studio Solution File, Format Version 12.00
# Visual Studio 15
VisualStudioVersion = 15.0.28010.2050
MinimumVisualStudioVersion = 10.0.40219.1
Project("{FAE04EC0-301F-11D3-BF4B-00C04F79EFBC}") = "Emp.Android", "Emp\Emp.Android\Emp.Android.csproj", "{D3353C9E-B381-49D9-8E4B-F9953CE836EB}"
EndProject
Project("{FAE04EC0-301F-11D3-BF4B-00C04F79EFBC}") = "Emp.iOS", "Emp\Emp.iOS\Emp.iOS.csproj", "{45CD4A1B-D538-47FC-AA3B-69E765B84EF4}"
EndProject
Project("{FAE04EC0-301F-11D3-BF4B-00C04F79EFBC}") = "Emp", "Emp\Emp\Emp.csproj", "{E3D50792-DB27-48F1-B32B-4464E65C564C}"
EndProject
Global
	GlobalSection(SolutionConfigurationPlatforms) = preSolution
		Ad-Hoc|Any CPU = Ad-Hoc|Any CPU
		Ad-Hoc|iPhone = Ad-Hoc|iPhone
		Ad-Hoc|iPhoneSimulator = Ad-Hoc|iPhoneSimulator
		AppStore|Any CPU = AppStore|Any CPU
		AppStore|iPhone = AppStore|iPhone
		AppStore|iPhoneSimulator = AppStore|iPhoneSimulator
		Debug|Any CPU = Debug|Any CPU
		Debug|iPhone = Debug|iPhone
		Debug|iPhoneSimulator = Debug|iPhoneSimulator
		Release|Any CPU = Release|Any CPU
		Release|iPhone = Release|iPhone
		Release|iPhoneSimulator = Release|iPhoneSimulator
	EndGlobalSection
	GlobalSection(ProjectConfigurationPlatforms) = postSolution
		{D3353C9E-B381-49D9-8E4B-F9953CE836EB}.Ad-Hoc|Any CPU.ActiveCfg = Release|Any CPU
		{D3353C9E-B381-49D9-8E4B-F9953CE836EB}.Ad-Hoc|Any CPU.Build.0 = Release|Any CPU
		{D3353C9E-B381-49D9-8E4B-F9953CE836EB}.Ad-Hoc|Any CPU.Deploy.0 = Release|Any CPU
		{D3353C9E-B381-49D9-8E4B-F9953CE836EB}.Ad-Hoc|iPhone.ActiveCfg = Release|Any CPU
		{D3353C9E-B381-49D9-8E4B-F9953CE836EB}.Ad-Hoc|iPhone.Build.0 = Release|Any CPU
		{D3353C9E-B381-49D9-8E4B-F9953CE836EB}.Ad-Hoc|iPhone.Deploy.0 = Release|Any CPU
		{D3353C9E-B381-49D9-8E4B-F9953CE836EB}.Ad-Hoc|iPhoneSimulator.ActiveCfg = Release|Any CPU
		{D3353C9E-B381-49D9-8E4B-F9953CE836EB}.Ad-Hoc|iPhoneSimulator.Build.0 = Release|Any CPU
		{D3353C9E-B381-49D9-8E4B-F9953CE836EB}.Ad-Hoc|iPhoneSimulator.Deploy.0 = Release|Any CPU
		{D3353C9E-B381-49D9-8E4B-F9953CE836EB}.AppStore|Any CPU.ActiveCfg = Release|Any CPU
		{D3353C9E-B381-49D9-8E4B-F9953CE836EB}.AppStore|Any CPU.Build.0 = Release|Any CPU
		{D3353C9E-B381-49D9-8E4B-F9953CE836EB}.AppStore|Any CPU.Deploy.0 = Release|Any CPU
		{D3353C9E-B381-49D9-8E4B-F9953CE836EB}.AppStore|iPhone.ActiveCfg = Release|Any CPU
		{D3353C9E-B381-49D9-8E4B-F9953CE836EB}.AppStore|iPhone.Build.0 = Release|Any CPU
		{D3353C9E-B381-49D9-8E4B-F9953CE836EB}.AppStore|iPhone.Deploy.0 = Release|Any CPU
		{D3353C9E-B381-49D9-8E4B-F9953CE836EB}.AppStore|iPhoneSimulator.ActiveCfg = Release|Any CPU
		{D3353C9E-B381-49D9-8E4B-F9953CE836EB}.AppStore|iPhoneSimulator.Build.0 = Release|Any CPU
		{D3353C9E-B381-49D9-8E4B-F9953CE836EB}.AppStore|iPhoneSimulator.Deploy.0 = Release|Any CPU
		{D3353C9E-B381-49D9-8E4B-F9953CE836EB}.Debug|Any CPU.ActiveCfg = Debug|Any CPU
		{D3353C9E-B381-49D9-8E4B-F9953CE836EB}.Debug|Any CPU.Build.0 = Debug|Any CPU
		{D3353C9E-B381-49D9-8E4B-F9953CE836EB}.Debug|Any CPU.Deploy.0 = Debug|Any CPU
		{D3353C9E-B381-49D9-8E4B-F9953CE836EB}.Debug|iPhone.ActiveCfg = Debug|Any CPU
		{D3353C9E-B381-49D9-8E4B-F9953CE836EB}.Debug|iPhone.Build.0 = Debug|Any CPU
		{D3353C9E-B381-49D9-8E4B-F9953CE836EB}.Debug|iPhone.Deploy.0 = Debug|Any CPU
		{D3353C9E-B381-49D9-8E4B-F9953CE836EB}.Debug|iPhoneSimulator.ActiveCfg = Debug|Any CPU
		{D3353C9E-B381-49D9-8E4B-F9953CE836EB}.Debug|iPhoneSimulator.Build.0 = Debug|Any CPU
		{D3353C9E-B381-49D9-8E4B-F9953CE836EB}.Debug|iPhoneSimulator.Deploy.0 = Debug|Any CPU
		{D3353C9E-B381-49D9-8E4B-F9953CE836EB}.Release|Any CPU.ActiveCfg = Release|Any CPU
		{D3353C9E-B381-49D9-8E4B-F9953CE836EB}.Release|Any CPU.Build.0 = Release|Any CPU
		{D3353C9E-B381-49D9-8E4B-F9953CE836EB}.Release|Any CPU.Deploy.0 = Release|Any CPU
		{D3353C9E-B381-49D9-8E4B-F9953CE836EB}.Release|iPhone.ActiveCfg = Release|Any CPU
		{D3353C9E-B381-49D9-8E4B-F9953CE836EB}.Release|iPhone.Build.0 = Release|Any CPU
		{D3353C9E-B381-49D9-8E4B-F9953CE836EB}.Release|iPhone.Deploy.0 = Release|Any CPU
		{D3353C9E-B381-49D9-8E4B-F9953CE836EB}.Release|iPhoneSimulator.ActiveCfg = Release|Any CPU
		{D3353C9E-B381-49D9-8E4B-F9953CE836EB}.Release|iPhoneSimulator.Build.0 = Release|Any CPU
		{D3353C9E-B381-49D9-8E4B-F9953CE836EB}.Release|iPhoneSimulator.Deploy.0 = Release|Any CPU
		{45CD4A1B-D538-47FC-AA3B-69E765B84EF4}.Ad-Hoc|Any CPU.ActiveCfg = Ad-Hoc|iPhone
		{45CD4A1B-D538-47FC-AA3B-69E765B84EF4}.Ad-Hoc|Any CPU.Build.0 = Ad-Hoc|iPhone
		{45CD4A1B-D538-47FC-AA3B-69E765B84EF4}.Ad-Hoc|Any CPU.Deploy.0 = Ad-Hoc|iPhone
		{45CD4A1B-D538-47FC-AA3B-69E765B84EF4}.Ad-Hoc|iPhone.ActiveCfg = Ad-Hoc|iPhone
		{45CD4A1B-D538-47FC-AA3B-69E765B84EF4}.Ad-Hoc|iPhone.Build.0 = Ad-Hoc|iPhone
		{45CD4A1B-D538-47FC-AA3B-69E765B84EF4}.Ad-Hoc|iPhone.Deploy.0 = Ad-Hoc|iPhone
		{45CD4A1B-D538-47FC-AA3B-69E765B84EF4}.Ad-Hoc|iPhoneSimulator.ActiveCfg = Ad-Hoc|iPhoneSimulator
		{45CD4A1B-D538-47FC-AA3B-69E765B84EF4}.Ad-Hoc|iPhoneSimulator.Build.0 = Ad-Hoc|iPhoneSimulator
		{45CD4A1B-D538-47FC-AA3B-69E765B84EF4}.Ad-Hoc|iPhoneSimulator.Deploy.0 = Ad-Hoc|iPhoneSimulator
		{45CD4A1B-D538-47FC-AA3B-69E765B84EF4}.AppStore|Any CPU.ActiveCfg = AppStore|iPhone
		{45CD4A1B-D538-47FC-AA3B-69E765B84EF4}.AppStore|Any CPU.Build.0 = AppStore|iPhone
		{45CD4A1B-D538-47FC-AA3B-69E765B84EF4}.AppStore|Any CPU.Deploy.0 = AppStore|iPhone
		{45CD4A1B-D538-47FC-AA3B-69E765B84EF4}.AppStore|iPhone.ActiveCfg = AppStore|iPhone
		{45CD4A1B-D538-47FC-AA3B-69E765B84EF4}.AppStore|iPhone.Build.0 = AppStore|iPhone
		{45CD4A1B-D538-47FC-AA3B-69E765B84EF4}.AppStore|iPhone.Deploy.0 = AppStore|iPhone
		{45CD4A1B-D538-47FC-AA3B-69E765B84EF4}.AppStore|iPhoneSimulator.ActiveCfg = AppStore|iPhoneSimulator
		{45CD4A1B-D538-47FC-AA3B-69E765B84EF4}.AppStore|iPhoneSimulator.Build.0 = AppStore|iPhoneSimulator
		{45CD4A1B-D538-47FC-AA3B-69E765B84EF4}.AppStore|iPhoneSimulator.Deploy.0 = AppStore|iPhoneSimulator
		{45CD4A1B-D538-47FC-AA3B-69E765B84EF4}.Debug|Any CPU.ActiveCfg = Debug|iPhoneSimulator
		{45CD4A1B-D538-47FC-AA3B-69E765B84EF4}.Debug|Any CPU.Build.0 = Debug|iPhoneSimulator
		{45CD4A1B-D538-47FC-AA3B-69E765B84EF4}.Debug|Any CPU.Deploy.0 = Debug|iPhoneSimulator
		{45CD4A1B-D538-47FC-AA3B-69E765B84EF4}.Debug|iPhone.ActiveCfg = Debug|iPhone
		{45CD4A1B-D538-47FC-AA3B-69E765B84EF4}.Debug|iPhone.Build.0 = Debug|iPhone
		{45CD4A1B-D538-47FC-AA3B-69E765B84EF4}.Debug|iPhone.Deploy.0 = Debug|iPhone
		{45CD4A1B-D538-47FC-AA3B-69E765B84EF4}.Debug|iPhoneSimulator.ActiveCfg = Debug|iPhoneSimulator
		{45CD4A1B-D538-47FC-AA3B-69E765B84EF4}.Debug|iPhoneSimulator.Build.0 = Debug|iPhoneSimulator
		{45CD4A1B-D538-47FC-AA3B-69E765B84EF4}.Debug|iPhoneSimulator.Deploy.0 = Debug|iPhoneSimulator
		{45CD4A1B-D538-47FC-AA3B-69E765B84EF4}.Release|Any CPU.ActiveCfg = Release|iPhone
		{45CD4A1B-D538-47FC-AA3B-69E765B84EF4}.Release|Any CPU.Build.0 = Release|iPhone
		{45CD4A1B-D538-47FC-AA3B-69E765B84EF4}.Release|Any CPU.Deploy.0 = Release|iPhone
		{45CD4A1B-D538-47FC-AA3B-69E765B84EF4}.Release|iPhone.ActiveCfg = Release|iPhone
		{45CD4A1B-D538-47FC-AA3B-69E765B84EF4}.Release|iPhone.Build.0 = Release|iPhone
		{45CD4A1B-D538-47FC-AA3B-69E765B84EF4}.Release|iPhone.Deploy.0 = Release|iPhone
		{45CD4A1B-D538-47FC-AA3B-69E765B84EF4}.Release|iPhoneSimulator.ActiveCfg = Release|iPhoneSimulator
		{45CD4A1B-D538-47FC-AA3B-69E765B84EF4}.Release|iPhoneSimulator.Build.0 = Release|iPhoneSimulator
		{45CD4A1B-D538-47FC-AA3B-69E765B84EF4}.Release|iPhoneSimulator.Deploy.0 = Release|iPhoneSimulator
		{E3D50792-DB27-48F1-B32B-4464E65C564C}.Ad-Hoc|Any CPU.ActiveCfg = Debug|Any CPU
		{E3D50792-DB27-48F1-B32B-4464E65C564C}.Ad-Hoc|Any CPU.Build.0 = Debug|Any CPU
		{E3D50792-DB27-48F1-B32B-4464E65C564C}.Ad-Hoc|Any CPU.Deploy.0 = Debug|Any CPU
		{E3D50792-DB27-48F1-B32B-4464E65C564C}.Ad-Hoc|iPhone.ActiveCfg = Debug|Any CPU
		{E3D50792-DB27-48F1-B32B-4464E65C564C}.Ad-Hoc|iPhone.Build.0 = Debug|Any CPU
		{E3D50792-DB27-48F1-B32B-4464E65C564C}.Ad-Hoc|iPhone.Deploy.0 = Debug|Any CPU
		{E3D50792-DB27-48F1-B32B-4464E65C564C}.Ad-Hoc|iPhoneSimulator.ActiveCfg = Debug|Any CPU
		{E3D50792-DB27-48F1-B32B-4464E65C564C}.Ad-Hoc|iPhoneSimulator.Build.0 = Debug|Any CPU
		{E3D50792-DB27-48F1-B32B-4464E65C564C}.Ad-Hoc|iPhoneSimulator.Deploy.0 = Debug|Any CPU
		{E3D50792-DB27-48F1-B32B-4464E65C564C}.AppStore|Any CPU.ActiveCfg = Debug|Any CPU
		{E3D50792-DB27-48F1-B32B-4464E65C564C}.AppStore|Any CPU.Build.0 = Debug|Any CPU
		{E3D50792-DB27-48F1-B32B-4464E65C564C}.AppStore|Any CPU.Deploy.0 = Debug|Any CPU
		{E3D50792-DB27-48F1-B32B-4464E65C564C}.AppStore|iPhone.ActiveCfg = Debug|Any CPU
		{E3D50792-DB27-48F1-B32B-4464E65C564C}.AppStore|iPhone.Build.0 = Debug|Any CPU
		{E3D50792-DB27-48F1-B32B-4464E65C564C}.AppStore|iPhone.Deploy.0 = Debug|Any CPU
		{E3D50792-DB27-48F1-B32B-4464E65C564C}.AppStore|iPhoneSimulator.ActiveCfg = Debug|Any CPU
		{E3D50792-DB27-48F1-B32B-4464E65C564C}.AppStore|iPhoneSimulator.Build.0 = Debug|Any CPU
		{E3D50792-DB27-48F1-B32B-4464E65C564C}.AppStore|iPhoneSimulator.Deploy.0 = Debug|Any CPU
		{E3D50792-DB27-48F1-B32B-4464E65C564C}.Debug|Any CPU.ActiveCfg = Debug|Any CPU
		{E3D50792-DB27-48F1-B32B-4464E65C564C}.Debug|Any CPU.Build.0 = Debug|Any CPU
		{E3D50792-DB27-48F1-B32B-4464E65C564C}.Debug|Any CPU.Deploy.0 = Debug|Any CPU
		{E3D50792-DB27-48F1-B32B-4464E65C564C}.Debug|iPhone.ActiveCfg = Debug|Any CPU
		{E3D50792-DB27-48F1-B32B-4464E65C564C}.Debug|iPhone.Build.0 = Debug|Any CPU
		{E3D50792-DB27-48F1-B32B-4464E65C564C}.Debug|iPhone.Deploy.0 = Debug|Any CPU
		{E3D50792-DB27-48F1-B32B-4464E65C564C}.Debug|iPhoneSimulator.ActiveCfg = Debug|Any CPU
		{E3D50792-DB27-48F1-B32B-4464E65C564C}.Debug|iPhoneSimulator.Build.0 = Debug|Any CPU
		{E3D50792-DB27-48F1-B32B-4464E65C564C}.Debug|iPhoneSimulator.Deploy.0 = Debug|Any CPU
		{E3D50792-DB27-48F1-B32B-4464E65C564C}.Release|Any CPU.ActiveCfg = Release|Any CPU
		{E3D50792-DB27-48F1-B32B-4464E65C564C}.Release|Any CPU.Build.0 = Release|Any CPU
		{E3D50792-DB27-48F1-B32B-4464E65C564C}.Release|Any CPU.Deploy.0 = Release|Any CPU
		{E3D50792-DB27-48F1-B32B-4464E65C564C}.Release|iPhone.ActiveCfg = Release|Any CPU
		{E3D50792-DB27-48F1-B32B-4464E65C564C}.Release|iPhone.Build.0 = Release|Any CPU
		{E3D50792-DB27-48F1-B32B-4464E65C564C}.Release|iPhone.Deploy.0 = Release|Any CPU
		{E3D50792-DB27-48F1-B32B-4464E65C564C}.Release|iPhoneSimulator.ActiveCfg = Release|Any CPU
		{E3D50792-DB27-48F1-B32B-4464E65C564C}.Release|iPhoneSimulator.Build.0 = Release|Any CPU
		{E3D50792-DB27-48F1-B32B-4464E65C564C}.Release|iPhoneSimulator.Deploy.0 = Release|Any CPU
	EndGlobalSection
	GlobalSection(SolutionProperties) = preSolution
		HideSolutionNode = FALSE
	EndGlobalSection
	GlobalSection(ExtensibilityGlobals) = postSolution
		SolutionGuid = {91B8693C-0616-4E1C-BC09-05C1741AB260}
	EndGlobalSection
EndGlobal
