
Microsoft Visual Studio Solution File, Format Version 12.00
# Visual Studio 15
VisualStudioVersion = 15.0.28010.2050
MinimumVisualStudioVersion = 10.0.40219.1
Project("{FAE04EC0-301F-11D3-BF4B-00C04F79EFBC}") = "Selector.Android", "Selector\Selector.Android\Selector.Android.csproj", "{670C75C6-2901-4392-82B2-C1D7E2B9A152}"
EndProject
Project("{FAE04EC0-301F-11D3-BF4B-00C04F79EFBC}") = "Selector.iOS", "Selector\Selector.iOS\Selector.iOS.csproj", "{DF699AD7-C26E-4D6E-9F92-7642C06B3224}"
EndProject
Project("{FAE04EC0-301F-11D3-BF4B-00C04F79EFBC}") = "Selector", "Selector\Selector\Selector.csproj", "{EF31B34A-3FCE-46BF-9C73-E7BE77F4C1D5}"
EndProject
Global
	GlobalSection(SolutionConfigurationPlatforms) = preSolution
		Ad-Hoc|Any CPU = Ad-Hoc|Any CPU
		Ad-Hoc|iPhone = Ad-Hoc|iPhone
		Ad-Hoc|iPhoneSimulator = Ad-Hoc|iPhoneSimulator
		AppStore|Any CPU = AppStore|Any CPU
		AppStore|iPhone = AppStore|iPhone
		AppStore|iPhoneSimulator = AppStore|iPhoneSimulator
		Debug|Any CPU = Debug|Any CPU
		Debug|iPhone = Debug|iPhone
		Debug|iPhoneSimulator = Debug|iPhoneSimulator
		Release|Any CPU = Release|Any CPU
		Release|iPhone = Release|iPhone
		Release|iPhoneSimulator = Release|iPhoneSimulator
	EndGlobalSection
	GlobalSection(ProjectConfigurationPlatforms) = postSolution
		{670C75C6-2901-4392-82B2-C1D7E2B9A152}.Ad-Hoc|Any CPU.ActiveCfg = Release|Any CPU
		{670C75C6-2901-4392-82B2-C1D7E2B9A152}.Ad-Hoc|Any CPU.Build.0 = Release|Any CPU
		{670C75C6-2901-4392-82B2-C1D7E2B9A152}.Ad-Hoc|Any CPU.Deploy.0 = Release|Any CPU
		{670C75C6-2901-4392-82B2-C1D7E2B9A152}.Ad-Hoc|iPhone.ActiveCfg = Release|Any CPU
		{670C75C6-2901-4392-82B2-C1D7E2B9A152}.Ad-Hoc|iPhone.Build.0 = Release|Any CPU
		{670C75C6-2901-4392-82B2-C1D7E2B9A152}.Ad-Hoc|iPhone.Deploy.0 = Release|Any CPU
		{670C75C6-2901-4392-82B2-C1D7E2B9A152}.Ad-Hoc|iPhoneSimulator.ActiveCfg = Release|Any CPU
		{670C75C6-2901-4392-82B2-C1D7E2B9A152}.Ad-Hoc|iPhoneSimulator.Build.0 = Release|Any CPU
		{670C75C6-2901-4392-82B2-C1D7E2B9A152}.Ad-Hoc|iPhoneSimulator.Deploy.0 = Release|Any CPU
		{670C75C6-2901-4392-82B2-C1D7E2B9A152}.AppStore|Any CPU.ActiveCfg = Release|Any CPU
		{670C75C6-2901-4392-82B2-C1D7E2B9A152}.AppStore|Any CPU.Build.0 = Release|Any CPU
		{670C75C6-2901-4392-82B2-C1D7E2B9A152}.AppStore|Any CPU.Deploy.0 = Release|Any CPU
		{670C75C6-2901-4392-82B2-C1D7E2B9A152}.AppStore|iPhone.ActiveCfg = Release|Any CPU
		{670C75C6-2901-4392-82B2-C1D7E2B9A152}.AppStore|iPhone.Build.0 = Release|Any CPU
		{670C75C6-2901-4392-82B2-C1D7E2B9A152}.AppStore|iPhone.Deploy.0 = Release|Any CPU
		{670C75C6-2901-4392-82B2-C1D7E2B9A152}.AppStore|iPhoneSimulator.ActiveCfg = Release|Any CPU
		{670C75C6-2901-4392-82B2-C1D7E2B9A152}.AppStore|iPhoneSimulator.Build.0 = Release|Any CPU
		{670C75C6-2901-4392-82B2-C1D7E2B9A152}.AppStore|iPhoneSimulator.Deploy.0 = Release|Any CPU
		{670C75C6-2901-4392-82B2-C1D7E2B9A152}.Debug|Any CPU.ActiveCfg = Debug|Any CPU
		{670C75C6-2901-4392-82B2-C1D7E2B9A152}.Debug|Any CPU.Build.0 = Debug|Any CPU
		{670C75C6-2901-4392-82B2-C1D7E2B9A152}.Debug|Any CPU.Deploy.0 = Debug|Any CPU
		{670C75C6-2901-4392-82B2-C1D7E2B9A152}.Debug|iPhone.ActiveCfg = Debug|Any CPU
		{670C75C6-2901-4392-82B2-C1D7E2B9A152}.Debug|iPhone.Build.0 = Debug|Any CPU
		{670C75C6-2901-4392-82B2-C1D7E2B9A152}.Debug|iPhone.Deploy.0 = Debug|Any CPU
		{670C75C6-2901-4392-82B2-C1D7E2B9A152}.Debug|iPhoneSimulator.ActiveCfg = Debug|Any CPU
		{670C75C6-2901-4392-82B2-C1D7E2B9A152}.Debug|iPhoneSimulator.Build.0 = Debug|Any CPU
		{670C75C6-2901-4392-82B2-C1D7E2B9A152}.Debug|iPhoneSimulator.Deploy.0 = Debug|Any CPU
		{670C75C6-2901-4392-82B2-C1D7E2B9A152}.Release|Any CPU.ActiveCfg = Release|Any CPU
		{670C75C6-2901-4392-82B2-C1D7E2B9A152}.Release|Any CPU.Build.0 = Release|Any CPU
		{670C75C6-2901-4392-82B2-C1D7E2B9A152}.Release|Any CPU.Deploy.0 = Release|Any CPU
		{670C75C6-2901-4392-82B2-C1D7E2B9A152}.Release|iPhone.ActiveCfg = Release|Any CPU
		{670C75C6-2901-4392-82B2-C1D7E2B9A152}.Release|iPhone.Build.0 = Release|Any CPU
		{670C75C6-2901-4392-82B2-C1D7E2B9A152}.Release|iPhone.Deploy.0 = Release|Any CPU
		{670C75C6-2901-4392-82B2-C1D7E2B9A152}.Release|iPhoneSimulator.ActiveCfg = Release|Any CPU
		{670C75C6-2901-4392-82B2-C1D7E2B9A152}.Release|iPhoneSimulator.Build.0 = Release|Any CPU
		{670C75C6-2901-4392-82B2-C1D7E2B9A152}.Release|iPhoneSimulator.Deploy.0 = Release|Any CPU
		{DF699AD7-C26E-4D6E-9F92-7642C06B3224}.Ad-Hoc|Any CPU.ActiveCfg = Ad-Hoc|iPhone
		{DF699AD7-C26E-4D6E-9F92-7642C06B3224}.Ad-Hoc|Any CPU.Build.0 = Ad-Hoc|iPhone
		{DF699AD7-C26E-4D6E-9F92-7642C06B3224}.Ad-Hoc|Any CPU.Deploy.0 = Ad-Hoc|iPhone
		{DF699AD7-C26E-4D6E-9F92-7642C06B3224}.Ad-Hoc|iPhone.ActiveCfg = Ad-Hoc|iPhone
		{DF699AD7-C26E-4D6E-9F92-7642C06B3224}.Ad-Hoc|iPhone.Build.0 = Ad-Hoc|iPhone
		{DF699AD7-C26E-4D6E-9F92-7642C06B3224}.Ad-Hoc|iPhone.Deploy.0 = Ad-Hoc|iPhone
		{DF699AD7-C26E-4D6E-9F92-7642C06B3224}.Ad-Hoc|iPhoneSimulator.ActiveCfg = Ad-Hoc|iPhoneSimulator
		{DF699AD7-C26E-4D6E-9F92-7642C06B3224}.Ad-Hoc|iPhoneSimulator.Build.0 = Ad-Hoc|iPhoneSimulator
		{DF699AD7-C26E-4D6E-9F92-7642C06B3224}.Ad-Hoc|iPhoneSimulator.Deploy.0 = Ad-Hoc|iPhoneSimulator
		{DF699AD7-C26E-4D6E-9F92-7642C06B3224}.AppStore|Any CPU.ActiveCfg = AppStore|iPhone
		{DF699AD7-C26E-4D6E-9F92-7642C06B3224}.AppStore|Any CPU.Build.0 = AppStore|iPhone
		{DF699AD7-C26E-4D6E-9F92-7642C06B3224}.AppStore|Any CPU.Deploy.0 = AppStore|iPhone
		{DF699AD7-C26E-4D6E-9F92-7642C06B3224}.AppStore|iPhone.ActiveCfg = AppStore|iPhone
		{DF699AD7-C26E-4D6E-9F92-7642C06B3224}.AppStore|iPhone.Build.0 = AppStore|iPhone
		{DF699AD7-C26E-4D6E-9F92-7642C06B3224}.AppStore|iPhone.Deploy.0 = AppStore|iPhone
		{DF699AD7-C26E-4D6E-9F92-7642C06B3224}.AppStore|iPhoneSimulator.ActiveCfg = AppStore|iPhoneSimulator
		{DF699AD7-C26E-4D6E-9F92-7642C06B3224}.AppStore|iPhoneSimulator.Build.0 = AppStore|iPhoneSimulator
		{DF699AD7-C26E-4D6E-9F92-7642C06B3224}.AppStore|iPhoneSimulator.Deploy.0 = AppStore|iPhoneSimulator
		{DF699AD7-C26E-4D6E-9F92-7642C06B3224}.Debug|Any CPU.ActiveCfg = Debug|iPhoneSimulator
		{DF699AD7-C26E-4D6E-9F92-7642C06B3224}.Debug|Any CPU.Build.0 = Debug|iPhoneSimulator
		{DF699AD7-C26E-4D6E-9F92-7642C06B3224}.Debug|Any CPU.Deploy.0 = Debug|iPhoneSimulator
		{DF699AD7-C26E-4D6E-9F92-7642C06B3224}.Debug|iPhone.ActiveCfg = Debug|iPhone
		{DF699AD7-C26E-4D6E-9F92-7642C06B3224}.Debug|iPhone.Build.0 = Debug|iPhone
		{DF699AD7-C26E-4D6E-9F92-7642C06B3224}.Debug|iPhone.Deploy.0 = Debug|iPhone
		{DF699AD7-C26E-4D6E-9F92-7642C06B3224}.Debug|iPhoneSimulator.ActiveCfg = Debug|iPhoneSimulator
		{DF699AD7-C26E-4D6E-9F92-7642C06B3224}.Debug|iPhoneSimulator.Build.0 = Debug|iPhoneSimulator
		{DF699AD7-C26E-4D6E-9F92-7642C06B3224}.Debug|iPhoneSimulator.Deploy.0 = Debug|iPhoneSimulator
		{DF699AD7-C26E-4D6E-9F92-7642C06B3224}.Release|Any CPU.ActiveCfg = Release|iPhone
		{DF699AD7-C26E-4D6E-9F92-7642C06B3224}.Release|Any CPU.Build.0 = Release|iPhone
		{DF699AD7-C26E-4D6E-9F92-7642C06B3224}.Release|Any CPU.Deploy.0 = Release|iPhone
		{DF699AD7-C26E-4D6E-9F92-7642C06B3224}.Release|iPhone.ActiveCfg = Release|iPhone
		{DF699AD7-C26E-4D6E-9F92-7642C06B3224}.Release|iPhone.Build.0 = Release|iPhone
		{DF699AD7-C26E-4D6E-9F92-7642C06B3224}.Release|iPhone.Deploy.0 = Release|iPhone
		{DF699AD7-C26E-4D6E-9F92-7642C06B3224}.Release|iPhoneSimulator.ActiveCfg = Release|iPhoneSimulator
		{DF699AD7-C26E-4D6E-9F92-7642C06B3224}.Release|iPhoneSimulator.Build.0 = Release|iPhoneSimulator
		{DF699AD7-C26E-4D6E-9F92-7642C06B3224}.Release|iPhoneSimulator.Deploy.0 = Release|iPhoneSimulator
		{EF31B34A-3FCE-46BF-9C73-E7BE77F4C1D5}.Ad-Hoc|Any CPU.ActiveCfg = Debug|Any CPU
		{EF31B34A-3FCE-46BF-9C73-E7BE77F4C1D5}.Ad-Hoc|Any CPU.Build.0 = Debug|Any CPU
		{EF31B34A-3FCE-46BF-9C73-E7BE77F4C1D5}.Ad-Hoc|Any CPU.Deploy.0 = Debug|Any CPU
		{EF31B34A-3FCE-46BF-9C73-E7BE77F4C1D5}.Ad-Hoc|iPhone.ActiveCfg = Debug|Any CPU
		{EF31B34A-3FCE-46BF-9C73-E7BE77F4C1D5}.Ad-Hoc|iPhone.Build.0 = Debug|Any CPU
		{EF31B34A-3FCE-46BF-9C73-E7BE77F4C1D5}.Ad-Hoc|iPhone.Deploy.0 = Debug|Any CPU
		{EF31B34A-3FCE-46BF-9C73-E7BE77F4C1D5}.Ad-Hoc|iPhoneSimulator.ActiveCfg = Debug|Any CPU
		{EF31B34A-3FCE-46BF-9C73-E7BE77F4C1D5}.Ad-Hoc|iPhoneSimulator.Build.0 = Debug|Any CPU
		{EF31B34A-3FCE-46BF-9C73-E7BE77F4C1D5}.Ad-Hoc|iPhoneSimulator.Deploy.0 = Debug|Any CPU
		{EF31B34A-3FCE-46BF-9C73-E7BE77F4C1D5}.AppStore|Any CPU.ActiveCfg = Debug|Any CPU
		{EF31B34A-3FCE-46BF-9C73-E7BE77F4C1D5}.AppStore|Any CPU.Build.0 = Debug|Any CPU
		{EF31B34A-3FCE-46BF-9C73-E7BE77F4C1D5}.AppStore|Any CPU.Deploy.0 = Debug|Any CPU
		{EF31B34A-3FCE-46BF-9C73-E7BE77F4C1D5}.AppStore|iPhone.ActiveCfg = Debug|Any CPU
		{EF31B34A-3FCE-46BF-9C73-E7BE77F4C1D5}.AppStore|iPhone.Build.0 = Debug|Any CPU
		{EF31B34A-3FCE-46BF-9C73-E7BE77F4C1D5}.AppStore|iPhone.Deploy.0 = Debug|Any CPU
		{EF31B34A-3FCE-46BF-9C73-E7BE77F4C1D5}.AppStore|iPhoneSimulator.ActiveCfg = Debug|Any CPU
		{EF31B34A-3FCE-46BF-9C73-E7BE77F4C1D5}.AppStore|iPhoneSimulator.Build.0 = Debug|Any CPU
		{EF31B34A-3FCE-46BF-9C73-E7BE77F4C1D5}.AppStore|iPhoneSimulator.Deploy.0 = Debug|Any CPU
		{EF31B34A-3FCE-46BF-9C73-E7BE77F4C1D5}.Debug|Any CPU.ActiveCfg = Debug|Any CPU
		{EF31B34A-3FCE-46BF-9C73-E7BE77F4C1D5}.Debug|Any CPU.Build.0 = Debug|Any CPU
		{EF31B34A-3FCE-46BF-9C73-E7BE77F4C1D5}.Debug|Any CPU.Deploy.0 = Debug|Any CPU
		{EF31B34A-3FCE-46BF-9C73-E7BE77F4C1D5}.Debug|iPhone.ActiveCfg = Debug|Any CPU
		{EF31B34A-3FCE-46BF-9C73-E7BE77F4C1D5}.Debug|iPhone.Build.0 = Debug|Any CPU
		{EF31B34A-3FCE-46BF-9C73-E7BE77F4C1D5}.Debug|iPhone.Deploy.0 = Debug|Any CPU
		{EF31B34A-3FCE-46BF-9C73-E7BE77F4C1D5}.Debug|iPhoneSimulator.ActiveCfg = Debug|Any CPU
		{EF31B34A-3FCE-46BF-9C73-E7BE77F4C1D5}.Debug|iPhoneSimulator.Build.0 = Debug|Any CPU
		{EF31B34A-3FCE-46BF-9C73-E7BE77F4C1D5}.Debug|iPhoneSimulator.Deploy.0 = Debug|Any CPU
		{EF31B34A-3FCE-46BF-9C73-E7BE77F4C1D5}.Release|Any CPU.ActiveCfg = Release|Any CPU
		{EF31B34A-3FCE-46BF-9C73-E7BE77F4C1D5}.Release|Any CPU.Build.0 = Release|Any CPU
		{EF31B34A-3FCE-46BF-9C73-E7BE77F4C1D5}.Release|Any CPU.Deploy.0 = Release|Any CPU
		{EF31B34A-3FCE-46BF-9C73-E7BE77F4C1D5}.Release|iPhone.ActiveCfg = Release|Any CPU
		{EF31B34A-3FCE-46BF-9C73-E7BE77F4C1D5}.Release|iPhone.Build.0 = Release|Any CPU
		{EF31B34A-3FCE-46BF-9C73-E7BE77F4C1D5}.Release|iPhone.Deploy.0 = Release|Any CPU
		{EF31B34A-3FCE-46BF-9C73-E7BE77F4C1D5}.Release|iPhoneSimulator.ActiveCfg = Release|Any CPU
		{EF31B34A-3FCE-46BF-9C73-E7BE77F4C1D5}.Release|iPhoneSimulator.Build.0 = Release|Any CPU
		{EF31B34A-3FCE-46BF-9C73-E7BE77F4C1D5}.Release|iPhoneSimulator.Deploy.0 = Release|Any CPU
	EndGlobalSection
	GlobalSection(SolutionProperties) = preSolution
		HideSolutionNode = FALSE
	EndGlobalSection
	GlobalSection(ExtensibilityGlobals) = postSolution
		SolutionGuid = {92E90FFC-CE66-40A8-8BA7-85A48D22BDF6}
	EndGlobalSection
EndGlobal
