
Microsoft Visual Studio Solution File, Format Version 12.00
# Visual Studio 15
VisualStudioVersion = 15.0.28010.2050
MinimumVisualStudioVersion = 10.0.40219.1
Project("{FAE04EC0-301F-11D3-BF4B-00C04F79EFBC}") = "WebService.Android", "WebService\WebService.Android\WebService.Android.csproj", "{D65E1BFE-F6FC-4F09-86A3-95954F5B3AEE}"
EndProject
Project("{FAE04EC0-301F-11D3-BF4B-00C04F79EFBC}") = "WebService.iOS", "WebService\WebService.iOS\WebService.iOS.csproj", "{9CCEC41F-B9DE-4B40-AB04-71CCA7DA720E}"
EndProject
Project("{FAE04EC0-301F-11D3-BF4B-00C04F79EFBC}") = "WebService", "WebService\WebService\WebService.csproj", "{294D8742-EC1E-40B7-BF35-21D01C10226D}"
EndProject
Global
	GlobalSection(SolutionConfigurationPlatforms) = preSolution
		Ad-Hoc|Any CPU = Ad-Hoc|Any CPU
		Ad-Hoc|iPhone = Ad-Hoc|iPhone
		Ad-Hoc|iPhoneSimulator = Ad-Hoc|iPhoneSimulator
		AppStore|Any CPU = AppStore|Any CPU
		AppStore|iPhone = AppStore|iPhone
		AppStore|iPhoneSimulator = AppStore|iPhoneSimulator
		Debug|Any CPU = Debug|Any CPU
		Debug|iPhone = Debug|iPhone
		Debug|iPhoneSimulator = Debug|iPhoneSimulator
		Release|Any CPU = Release|Any CPU
		Release|iPhone = Release|iPhone
		Release|iPhoneSimulator = Release|iPhoneSimulator
	EndGlobalSection
	GlobalSection(ProjectConfigurationPlatforms) = postSolution
		{D65E1BFE-F6FC-4F09-86A3-95954F5B3AEE}.Ad-Hoc|Any CPU.ActiveCfg = Release|Any CPU
		{D65E1BFE-F6FC-4F09-86A3-95954F5B3AEE}.Ad-Hoc|Any CPU.Build.0 = Release|Any CPU
		{D65E1BFE-F6FC-4F09-86A3-95954F5B3AEE}.Ad-Hoc|Any CPU.Deploy.0 = Release|Any CPU
		{D65E1BFE-F6FC-4F09-86A3-95954F5B3AEE}.Ad-Hoc|iPhone.ActiveCfg = Release|Any CPU
		{D65E1BFE-F6FC-4F09-86A3-95954F5B3AEE}.Ad-Hoc|iPhone.Build.0 = Release|Any CPU
		{D65E1BFE-F6FC-4F09-86A3-95954F5B3AEE}.Ad-Hoc|iPhone.Deploy.0 = Release|Any CPU
		{D65E1BFE-F6FC-4F09-86A3-95954F5B3AEE}.Ad-Hoc|iPhoneSimulator.ActiveCfg = Release|Any CPU
		{D65E1BFE-F6FC-4F09-86A3-95954F5B3AEE}.Ad-Hoc|iPhoneSimulator.Build.0 = Release|Any CPU
		{D65E1BFE-F6FC-4F09-86A3-95954F5B3AEE}.Ad-Hoc|iPhoneSimulator.Deploy.0 = Release|Any CPU
		{D65E1BFE-F6FC-4F09-86A3-95954F5B3AEE}.AppStore|Any CPU.ActiveCfg = Release|Any CPU
		{D65E1BFE-F6FC-4F09-86A3-95954F5B3AEE}.AppStore|Any CPU.Build.0 = Release|Any CPU
		{D65E1BFE-F6FC-4F09-86A3-95954F5B3AEE}.AppStore|Any CPU.Deploy.0 = Release|Any CPU
		{D65E1BFE-F6FC-4F09-86A3-95954F5B3AEE}.AppStore|iPhone.ActiveCfg = Release|Any CPU
		{D65E1BFE-F6FC-4F09-86A3-95954F5B3AEE}.AppStore|iPhone.Build.0 = Release|Any CPU
		{D65E1BFE-F6FC-4F09-86A3-95954F5B3AEE}.AppStore|iPhone.Deploy.0 = Release|Any CPU
		{D65E1BFE-F6FC-4F09-86A3-95954F5B3AEE}.AppStore|iPhoneSimulator.ActiveCfg = Release|Any CPU
		{D65E1BFE-F6FC-4F09-86A3-95954F5B3AEE}.AppStore|iPhoneSimulator.Build.0 = Release|Any CPU
		{D65E1BFE-F6FC-4F09-86A3-95954F5B3AEE}.AppStore|iPhoneSimulator.Deploy.0 = Release|Any CPU
		{D65E1BFE-F6FC-4F09-86A3-95954F5B3AEE}.Debug|Any CPU.ActiveCfg = Debug|Any CPU
		{D65E1BFE-F6FC-4F09-86A3-95954F5B3AEE}.Debug|Any CPU.Build.0 = Debug|Any CPU
		{D65E1BFE-F6FC-4F09-86A3-95954F5B3AEE}.Debug|Any CPU.Deploy.0 = Debug|Any CPU
		{D65E1BFE-F6FC-4F09-86A3-95954F5B3AEE}.Debug|iPhone.ActiveCfg = Debug|Any CPU
		{D65E1BFE-F6FC-4F09-86A3-95954F5B3AEE}.Debug|iPhone.Build.0 = Debug|Any CPU
		{D65E1BFE-F6FC-4F09-86A3-95954F5B3AEE}.Debug|iPhone.Deploy.0 = Debug|Any CPU
		{D65E1BFE-F6FC-4F09-86A3-95954F5B3AEE}.Debug|iPhoneSimulator.ActiveCfg = Debug|Any CPU
		{D65E1BFE-F6FC-4F09-86A3-95954F5B3AEE}.Debug|iPhoneSimulator.Build.0 = Debug|Any CPU
		{D65E1BFE-F6FC-4F09-86A3-95954F5B3AEE}.Debug|iPhoneSimulator.Deploy.0 = Debug|Any CPU
		{D65E1BFE-F6FC-4F09-86A3-95954F5B3AEE}.Release|Any CPU.ActiveCfg = Release|Any CPU
		{D65E1BFE-F6FC-4F09-86A3-95954F5B3AEE}.Release|Any CPU.Build.0 = Release|Any CPU
		{D65E1BFE-F6FC-4F09-86A3-95954F5B3AEE}.Release|Any CPU.Deploy.0 = Release|Any CPU
		{D65E1BFE-F6FC-4F09-86A3-95954F5B3AEE}.Release|iPhone.ActiveCfg = Release|Any CPU
		{D65E1BFE-F6FC-4F09-86A3-95954F5B3AEE}.Release|iPhone.Build.0 = Release|Any CPU
		{D65E1BFE-F6FC-4F09-86A3-95954F5B3AEE}.Release|iPhone.Deploy.0 = Release|Any CPU
		{D65E1BFE-F6FC-4F09-86A3-95954F5B3AEE}.Release|iPhoneSimulator.ActiveCfg = Release|Any CPU
		{D65E1BFE-F6FC-4F09-86A3-95954F5B3AEE}.Release|iPhoneSimulator.Build.0 = Release|Any CPU
		{D65E1BFE-F6FC-4F09-86A3-95954F5B3AEE}.Release|iPhoneSimulator.Deploy.0 = Release|Any CPU
		{9CCEC41F-B9DE-4B40-AB04-71CCA7DA720E}.Ad-Hoc|Any CPU.ActiveCfg = Ad-Hoc|iPhone
		{9CCEC41F-B9DE-4B40-AB04-71CCA7DA720E}.Ad-Hoc|Any CPU.Build.0 = Ad-Hoc|iPhone
		{9CCEC41F-B9DE-4B40-AB04-71CCA7DA720E}.Ad-Hoc|Any CPU.Deploy.0 = Ad-Hoc|iPhone
		{9CCEC41F-B9DE-4B40-AB04-71CCA7DA720E}.Ad-Hoc|iPhone.ActiveCfg = Ad-Hoc|iPhone
		{9CCEC41F-B9DE-4B40-AB04-71CCA7DA720E}.Ad-Hoc|iPhone.Build.0 = Ad-Hoc|iPhone
		{9CCEC41F-B9DE-4B40-AB04-71CCA7DA720E}.Ad-Hoc|iPhone.Deploy.0 = Ad-Hoc|iPhone
		{9CCEC41F-B9DE-4B40-AB04-71CCA7DA720E}.Ad-Hoc|iPhoneSimulator.ActiveCfg = Ad-Hoc|iPhoneSimulator
		{9CCEC41F-B9DE-4B40-AB04-71CCA7DA720E}.Ad-Hoc|iPhoneSimulator.Build.0 = Ad-Hoc|iPhoneSimulator
		{9CCEC41F-B9DE-4B40-AB04-71CCA7DA720E}.Ad-Hoc|iPhoneSimulator.Deploy.0 = Ad-Hoc|iPhoneSimulator
		{9CCEC41F-B9DE-4B40-AB04-71CCA7DA720E}.AppStore|Any CPU.ActiveCfg = AppStore|iPhone
		{9CCEC41F-B9DE-4B40-AB04-71CCA7DA720E}.AppStore|Any CPU.Build.0 = AppStore|iPhone
		{9CCEC41F-B9DE-4B40-AB04-71CCA7DA720E}.AppStore|Any CPU.Deploy.0 = AppStore|iPhone
		{9CCEC41F-B9DE-4B40-AB04-71CCA7DA720E}.AppStore|iPhone.ActiveCfg = AppStore|iPhone
		{9CCEC41F-B9DE-4B40-AB04-71CCA7DA720E}.AppStore|iPhone.Build.0 = AppStore|iPhone
		{9CCEC41F-B9DE-4B40-AB04-71CCA7DA720E}.AppStore|iPhone.Deploy.0 = AppStore|iPhone
		{9CCEC41F-B9DE-4B40-AB04-71CCA7DA720E}.AppStore|iPhoneSimulator.ActiveCfg = AppStore|iPhoneSimulator
		{9CCEC41F-B9DE-4B40-AB04-71CCA7DA720E}.AppStore|iPhoneSimulator.Build.0 = AppStore|iPhoneSimulator
		{9CCEC41F-B9DE-4B40-AB04-71CCA7DA720E}.AppStore|iPhoneSimulator.Deploy.0 = AppStore|iPhoneSimulator
		{9CCEC41F-B9DE-4B40-AB04-71CCA7DA720E}.Debug|Any CPU.ActiveCfg = Debug|iPhoneSimulator
		{9CCEC41F-B9DE-4B40-AB04-71CCA7DA720E}.Debug|Any CPU.Build.0 = Debug|iPhoneSimulator
		{9CCEC41F-B9DE-4B40-AB04-71CCA7DA720E}.Debug|Any CPU.Deploy.0 = Debug|iPhoneSimulator
		{9CCEC41F-B9DE-4B40-AB04-71CCA7DA720E}.Debug|iPhone.ActiveCfg = Debug|iPhone
		{9CCEC41F-B9DE-4B40-AB04-71CCA7DA720E}.Debug|iPhone.Build.0 = Debug|iPhone
		{9CCEC41F-B9DE-4B40-AB04-71CCA7DA720E}.Debug|iPhone.Deploy.0 = Debug|iPhone
		{9CCEC41F-B9DE-4B40-AB04-71CCA7DA720E}.Debug|iPhoneSimulator.ActiveCfg = Debug|iPhoneSimulator
		{9CCEC41F-B9DE-4B40-AB04-71CCA7DA720E}.Debug|iPhoneSimulator.Build.0 = Debug|iPhoneSimulator
		{9CCEC41F-B9DE-4B40-AB04-71CCA7DA720E}.Debug|iPhoneSimulator.Deploy.0 = Debug|iPhoneSimulator
		{9CCEC41F-B9DE-4B40-AB04-71CCA7DA720E}.Release|Any CPU.ActiveCfg = Release|iPhone
		{9CCEC41F-B9DE-4B40-AB04-71CCA7DA720E}.Release|Any CPU.Build.0 = Release|iPhone
		{9CCEC41F-B9DE-4B40-AB04-71CCA7DA720E}.Release|Any CPU.Deploy.0 = Release|iPhone
		{9CCEC41F-B9DE-4B40-AB04-71CCA7DA720E}.Release|iPhone.ActiveCfg = Release|iPhone
		{9CCEC41F-B9DE-4B40-AB04-71CCA7DA720E}.Release|iPhone.Build.0 = Release|iPhone
		{9CCEC41F-B9DE-4B40-AB04-71CCA7DA720E}.Release|iPhone.Deploy.0 = Release|iPhone
		{9CCEC41F-B9DE-4B40-AB04-71CCA7DA720E}.Release|iPhoneSimulator.ActiveCfg = Release|iPhoneSimulator
		{9CCEC41F-B9DE-4B40-AB04-71CCA7DA720E}.Release|iPhoneSimulator.Build.0 = Release|iPhoneSimulator
		{9CCEC41F-B9DE-4B40-AB04-71CCA7DA720E}.Release|iPhoneSimulator.Deploy.0 = Release|iPhoneSimulator
		{294D8742-EC1E-40B7-BF35-21D01C10226D}.Ad-Hoc|Any CPU.ActiveCfg = Debug|Any CPU
		{294D8742-EC1E-40B7-BF35-21D01C10226D}.Ad-Hoc|Any CPU.Build.0 = Debug|Any CPU
		{294D8742-EC1E-40B7-BF35-21D01C10226D}.Ad-Hoc|Any CPU.Deploy.0 = Debug|Any CPU
		{294D8742-EC1E-40B7-BF35-21D01C10226D}.Ad-Hoc|iPhone.ActiveCfg = Debug|Any CPU
		{294D8742-EC1E-40B7-BF35-21D01C10226D}.Ad-Hoc|iPhone.Build.0 = Debug|Any CPU
		{294D8742-EC1E-40B7-BF35-21D01C10226D}.Ad-Hoc|iPhone.Deploy.0 = Debug|Any CPU
		{294D8742-EC1E-40B7-BF35-21D01C10226D}.Ad-Hoc|iPhoneSimulator.ActiveCfg = Debug|Any CPU
		{294D8742-EC1E-40B7-BF35-21D01C10226D}.Ad-Hoc|iPhoneSimulator.Build.0 = Debug|Any CPU
		{294D8742-EC1E-40B7-BF35-21D01C10226D}.Ad-Hoc|iPhoneSimulator.Deploy.0 = Debug|Any CPU
		{294D8742-EC1E-40B7-BF35-21D01C10226D}.AppStore|Any CPU.ActiveCfg = Debug|Any CPU
		{294D8742-EC1E-40B7-BF35-21D01C10226D}.AppStore|Any CPU.Build.0 = Debug|Any CPU
		{294D8742-EC1E-40B7-BF35-21D01C10226D}.AppStore|Any CPU.Deploy.0 = Debug|Any CPU
		{294D8742-EC1E-40B7-BF35-21D01C10226D}.AppStore|iPhone.ActiveCfg = Debug|Any CPU
		{294D8742-EC1E-40B7-BF35-21D01C10226D}.AppStore|iPhone.Build.0 = Debug|Any CPU
		{294D8742-EC1E-40B7-BF35-21D01C10226D}.AppStore|iPhone.Deploy.0 = Debug|Any CPU
		{294D8742-EC1E-40B7-BF35-21D01C10226D}.AppStore|iPhoneSimulator.ActiveCfg = Debug|Any CPU
		{294D8742-EC1E-40B7-BF35-21D01C10226D}.AppStore|iPhoneSimulator.Build.0 = Debug|Any CPU
		{294D8742-EC1E-40B7-BF35-21D01C10226D}.AppStore|iPhoneSimulator.Deploy.0 = Debug|Any CPU
		{294D8742-EC1E-40B7-BF35-21D01C10226D}.Debug|Any CPU.ActiveCfg = Debug|Any CPU
		{294D8742-EC1E-40B7-BF35-21D01C10226D}.Debug|Any CPU.Build.0 = Debug|Any CPU
		{294D8742-EC1E-40B7-BF35-21D01C10226D}.Debug|Any CPU.Deploy.0 = Debug|Any CPU
		{294D8742-EC1E-40B7-BF35-21D01C10226D}.Debug|iPhone.ActiveCfg = Debug|Any CPU
		{294D8742-EC1E-40B7-BF35-21D01C10226D}.Debug|iPhone.Build.0 = Debug|Any CPU
		{294D8742-EC1E-40B7-BF35-21D01C10226D}.Debug|iPhone.Deploy.0 = Debug|Any CPU
		{294D8742-EC1E-40B7-BF35-21D01C10226D}.Debug|iPhoneSimulator.ActiveCfg = Debug|Any CPU
		{294D8742-EC1E-40B7-BF35-21D01C10226D}.Debug|iPhoneSimulator.Build.0 = Debug|Any CPU
		{294D8742-EC1E-40B7-BF35-21D01C10226D}.Debug|iPhoneSimulator.Deploy.0 = Debug|Any CPU
		{294D8742-EC1E-40B7-BF35-21D01C10226D}.Release|Any CPU.ActiveCfg = Release|Any CPU
		{294D8742-EC1E-40B7-BF35-21D01C10226D}.Release|Any CPU.Build.0 = Release|Any CPU
		{294D8742-EC1E-40B7-BF35-21D01C10226D}.Release|Any CPU.Deploy.0 = Release|Any CPU
		{294D8742-EC1E-40B7-BF35-21D01C10226D}.Release|iPhone.ActiveCfg = Release|Any CPU
		{294D8742-EC1E-40B7-BF35-21D01C10226D}.Release|iPhone.Build.0 = Release|Any CPU
		{294D8742-EC1E-40B7-BF35-21D01C10226D}.Release|iPhone.Deploy.0 = Release|Any CPU
		{294D8742-EC1E-40B7-BF35-21D01C10226D}.Release|iPhoneSimulator.ActiveCfg = Release|Any CPU
		{294D8742-EC1E-40B7-BF35-21D01C10226D}.Release|iPhoneSimulator.Build.0 = Release|Any CPU
		{294D8742-EC1E-40B7-BF35-21D01C10226D}.Release|iPhoneSimulator.Deploy.0 = Release|Any CPU
	EndGlobalSection
	GlobalSection(SolutionProperties) = preSolution
		HideSolutionNode = FALSE
	EndGlobalSection
	GlobalSection(ExtensibilityGlobals) = postSolution
		SolutionGuid = {25399AE0-16DC-42F3-85B7-AB48CDCB305E}
	EndGlobalSection
EndGlobal
